
Microsoft Visual Studio Solution File, Format Version 12.00
# Visual Studio Version 17
VisualStudioVersion = 17.0.32014.148
MinimumVisualStudioVersion = 10.0.40219.1
Project("{FAE04EC0-301F-11D3-BF4B-00C04F79EFBC}") = "AsynchronousAPI", "AsynchronousAPI\AsynchronousAPI.csproj", "{715520B6-8A68-4700-B0BD-A4EC79E7E902}"
EndProject
Global
	GlobalSection(SolutionConfigurationPlatforms) = preSolution
		Debug|Any CPU = Debug|Any CPU
		Release|Any CPU = Release|Any CPU
	EndGlobalSection
	GlobalSection(ProjectConfigurationPlatforms) = postSolution
		{715520B6-8A68-4700-B0BD-A4EC79E7E902}.Debug|Any CPU.ActiveCfg = Debug|Any CPU
		{715520B6-8A68-4700-B0BD-A4EC79E7E902}.Debug|Any CPU.Build.0 = Debug|Any CPU
		{715520B6-8A68-4700-B0BD-A4EC79E7E902}.Release|Any CPU.ActiveCfg = Release|Any CPU
		{715520B6-8A68-4700-B0BD-A4EC79E7E902}.Release|Any CPU.Build.0 = Release|Any CPU
	EndGlobalSection
	GlobalSection(SolutionProperties) = preSolution
		HideSolutionNode = FALSE
	EndGlobalSection
	GlobalSection(ExtensibilityGlobals) = postSolution
		SolutionGuid = {1E85CA1C-8943-4083-A7B7-F720D3E59BCC}
	EndGlobalSection
EndGlobal
